{
    "akeneo/api-php-client": {
        "version": "v5.0.0"
    },
    "akeneo/api-php-client-ee": {
        "version": "v6.0.0"
    },
    "guzzlehttp/psr7": {
        "version": "1.6.1"
    },
    "php": {
        "version": "7.3"
    },
    "php-http/discovery": {
        "version": "1.8.0"
    },
    "php-http/httplug": {
        "version": "2.1.0"
    },
    "php-http/message-factory": {
        "version": "v1.0.2"
    },
    "php-http/multipart-stream-builder": {
        "version": "1.1.0"
    },
    "php-http/promise": {
        "version": "v1.0.0"
    },
    "psr/cache": {
        "version": "1.0.1"
    },
    "psr/container": {
        "version": "1.0.0"
    },
    "psr/http-client": {
        "version": "1.0.1"
    },
    "psr/http-factory": {
        "version": "1.0.1"
    },
    "psr/http-message": {
        "version": "1.0.1"
    },
    "psr/log": {
        "version": "1.1.3"
    },
    "ralouphie/getallheaders": {
        "version": "3.0.3"
    },
    "symfony/cache": {
        "version": "v5.1.2"
    },
    "symfony/cache-contracts": {
        "version": "v2.1.2"
    },
    "symfony/flex": {
        "version": "1.0",
        "recipe": {
            "repo": "github.com/symfony/recipes",
            "branch": "master",
            "version": "1.0",
            "ref": "c0eeb50665f0f77226616b6038a9b06c03752d8e"
        },
        "files": [
            ".env"
        ]
    },
    "symfony/polyfill-php80": {
        "version": "v1.17.1"
    },
    "symfony/service-contracts": {
        "version": "v2.1.2"
    },
    "symfony/var-exporter": {
        "version": "v5.1.2"
    }
}
